
Microsoft Visual Studio Solution File, Format Version 12.00
# Visual Studio Version 16
VisualStudioVersion = 16.0.32228.343
MinimumVisualStudioVersion = 10.0.40219.1
Project("{E24C65DC-7377-472B-9ABA-BC803B73C61A}") = "Voting2", "Voting2\", "{3D141CFE-BE69-4D24-83BD-B51D986D7CC8}"
	ProjectSection(WebsiteProperties) = preProject
		TargetFrameworkMoniker = ".NETFramework,Version%3Dv4.5"
		Debug.AspNetCompiler.VirtualPath = "/localhost_58971"
		Debug.AspNetCompiler.PhysicalPath = "Voting2\"
		Debug.AspNetCompiler.TargetPath = "PrecompiledWeb\localhost_58971\"
		Debug.AspNetCompiler.Updateable = "true"
		Debug.AspNetCompiler.ForceOverwrite = "true"
		Debug.AspNetCompiler.FixedNames = "false"
		Debug.AspNetCompiler.Debug = "True"
		Release.AspNetCompiler.VirtualPath = "/localhost_58971"
		Release.AspNetCompiler.PhysicalPath = "Voting2\"
		Release.AspNetCompiler.TargetPath = "PrecompiledWeb\localhost_58971\"
		Release.AspNetCompiler.Updateable = "true"
		Release.AspNetCompiler.ForceOverwrite = "true"
		Release.AspNetCompiler.FixedNames = "false"
		Release.AspNetCompiler.Debug = "False"
		VWDPort = "58971"
		SlnRelativePath = "Voting2\"
		DefaultWebSiteLanguage = "Visual C#"
	EndProjectSection
EndProject
Global
	GlobalSection(SolutionConfigurationPlatforms) = preSolution
		Debug|Any CPU = Debug|Any CPU
	EndGlobalSection
	GlobalSection(ProjectConfigurationPlatforms) = postSolution
		{3D141CFE-BE69-4D24-83BD-B51D986D7CC8}.Debug|Any CPU.ActiveCfg = Debug|Any CPU
		{3D141CFE-BE69-4D24-83BD-B51D986D7CC8}.Debug|Any CPU.Build.0 = Debug|Any CPU
	EndGlobalSection
	GlobalSection(SolutionProperties) = preSolution
		HideSolutionNode = FALSE
	EndGlobalSection
	GlobalSection(ExtensibilityGlobals) = postSolution
		SolutionGuid = {68BDFD24-CD1C-4788-8835-4E58C3D09D4D}
	EndGlobalSection
EndGlobal
